// !$*UTF8*$!
{
	archiveVersion = 1;
	classes = {
	};
	objectVersion = 46;
	objects = {

/* Begin PBXBuildFile section */
		CC5E40E61B9A766C007EEE59 /* TopicNewsMultiImageCell.m in Sources */ = {isa = PBXBuildFile; fileRef = CC5E40E41B9A766C007EEE59 /* TopicNewsMultiImageCell.m */; };
		CC5E40E71B9A766C007EEE59 /* TopicNewsMultiImageCell.xib in Resources */ = {isa = PBXBuildFile; fileRef = CC5E40E51B9A766C007EEE59 /* TopicNewsMultiImageCell.xib */; };
		CC5E40F01B9A88B4007EEE59 /* AudioViewController.m in Sources */ = {isa = PBXBuildFile; fileRef = CC5E40EF1B9A88B4007EEE59 /* AudioViewController.m */; };
		CC5E40F41B9A97EB007EEE59 /* MediaNewsCell.m in Sources */ = {isa = PBXBuildFile; fileRef = CC5E40F21B9A97EB007EEE59 /* MediaNewsCell.m */; };
		CC5E40F51B9A97EB007EEE59 /* MediaNewsCell.xib in Resources */ = {isa = PBXBuildFile; fileRef = CC5E40F31B9A97EB007EEE59 /* MediaNewsCell.xib */; };
		CC5E40F81B9A9AE6007EEE59 /* MediaNewsModel.m in Sources */ = {isa = PBXBuildFile; fileRef = CC5E40F71B9A9AE6007EEE59 /* MediaNewsModel.m */; };
		CC878CDC1B99F57500AFD462 /* main.m in Sources */ = {isa = PBXBuildFile; fileRef = CC878CDB1B99F57500AFD462 /* main.m */; };
		CC878CDF1B99F57500AFD462 /* AppDelegate.m in Sources */ = {isa = PBXBuildFile; fileRef = CC878CDE1B99F57500AFD462 /* AppDelegate.m */; };
		CC878CE21B99F57500AFD462 /* ViewController.m in Sources */ = {isa = PBXBuildFile; fileRef = CC878CE11B99F57500AFD462 /* ViewController.m */; };
		CC878CE51B99F57500AFD462 /* Main.storyboard in Resources */ = {isa = PBXBuildFile; fileRef = CC878CE31B99F57500AFD462 /* Main.storyboard */; };
		CC878CE71B99F57500AFD462 /* Images.xcassets in Resources */ = {isa = PBXBuildFile; fileRef = CC878CE61B99F57500AFD462 /* Images.xcassets */; };
		CC878CEA1B99F57500AFD462 /* LaunchScreen.xib in Resources */ = {isa = PBXBuildFile; fileRef = CC878CE81B99F57500AFD462 /* LaunchScreen.xib */; };
		CC878CF61B99F57500AFD462 /* NetEaseTests.m in Sources */ = {isa = PBXBuildFile; fileRef = CC878CF51B99F57500AFD462 /* NetEaseTests.m */; };
		CC9AB5121B9A9C9C00491CC3 /* MediaModel.m in Sources */ = {isa = PBXBuildFile; fileRef = CC9AB5111B9A9C9C00491CC3 /* MediaModel.m */; };
		CC9AB5151B9A9D4500491CC3 /* MediaRadioModel.m in Sources */ = {isa = PBXBuildFile; fileRef = CC9AB5141B9A9D4500491CC3 /* MediaRadioModel.m */; };
		CC9AB51A1B9AADC600491CC3 /* RadioView.m in Sources */ = {isa = PBXBuildFile; fileRef = CC9AB5191B9AADC600491CC3 /* RadioView.m */; };
		CC9AB51C1B9AADD300491CC3 /* RadioView.xib in Resources */ = {isa = PBXBuildFile; fileRef = CC9AB51B1B9AADD300491CC3 /* RadioView.xib */; };
		CCA1D2C61B99FC0700B1B7C7 /* TopicViewController.m in Sources */ = {isa = PBXBuildFile; fileRef = CCA1D2C51B99FC0700B1B7C7 /* TopicViewController.m */; };
		CCA1D2C91B9A01F900B1B7C7 /* TopicAdsModel.m in Sources */ = {isa = PBXBuildFile; fileRef = CCA1D2C81B9A01F900B1B7C7 /* TopicAdsModel.m */; };
		CCA1D2CC1B9A032600B1B7C7 /* TopicNewsModel.m in Sources */ = {isa = PBXBuildFile; fileRef = CCA1D2CB1B9A032600B1B7C7 /* TopicNewsModel.m */; };
		CCA1D2CF1B9A062200B1B7C7 /* AFNHelper.m in Sources */ = {isa = PBXBuildFile; fileRef = CCA1D2CE1B9A062200B1B7C7 /* AFNHelper.m */; };
		CCA1D2D31B9A08CF00B1B7C7 /* TopicNewsCell.m in Sources */ = {isa = PBXBuildFile; fileRef = CCA1D2D11B9A08CF00B1B7C7 /* TopicNewsCell.m */; };
		CCA1D2D41B9A08CF00B1B7C7 /* TopicNewsCell.xib in Resources */ = {isa = PBXBuildFile; fileRef = CCA1D2D21B9A08CF00B1B7C7 /* TopicNewsCell.xib */; };
		D64E3E3F92F27494647F5916 /* libPods.a in Frameworks */ = {isa = PBXBuildFile; fileRef = 54DD1234D568AB88A4C5C261 /* libPods.a */; };
/* End PBXBuildFile section */

/* Begin PBXContainerItemProxy section */
		CC878CF01B99F57500AFD462 /* PBXContainerItemProxy */ = {
			isa = PBXContainerItemProxy;
			containerPortal = CC878CCE1B99F57500AFD462 /* Project object */;
			proxyType = 1;
			remoteGlobalIDString = CC878CD51B99F57500AFD462;
			remoteInfo = NetEase;
		};
/* End PBXContainerItemProxy section */

/* Begin PBXFileReference section */
		3B2B563B98FB8BD193E25379 /* Pods.release.xcconfig */ = {isa = PBXFileReference; includeInIndex = 1; lastKnownFileType = text.xcconfig; name = Pods.release.xcconfig; path = "Pods/Target Support Files/Pods/Pods.release.xcconfig"; sourceTree = "<group>"; };
		3E786495DCF85C1CB34123A3 /* Pods.debug.xcconfig */ = {isa = PBXFileReference; includeInIndex = 1; lastKnownFileType = text.xcconfig; name = Pods.debug.xcconfig; path = "Pods/Target Support Files/Pods/Pods.debug.xcconfig"; sourceTree = "<group>"; };
		54DD1234D568AB88A4C5C261 /* libPods.a */ = {isa = PBXFileReference; explicitFileType = archive.ar; includeInIndex = 0; path = libPods.a; sourceTree = BUILT_PRODUCTS_DIR; };
		CC5E40E31B9A766C007EEE59 /* TopicNewsMultiImageCell.h */ = {isa = PBXFileReference; fileEncoding = 4; lastKnownFileType = sourcecode.c.h; path = TopicNewsMultiImageCell.h; sourceTree = "<group>"; };
		CC5E40E41B9A766C007EEE59 /* TopicNewsMultiImageCell.m */ = {isa = PBXFileReference; fileEncoding = 4; lastKnownFileType = sourcecode.c.objc; path = TopicNewsMultiImageCell.m; sourceTree = "<group>"; };
		CC5E40E51B9A766C007EEE59 /* TopicNewsMultiImageCell.xib */ = {isa = PBXFileReference; fileEncoding = 4; lastKnownFileType = file.xib; path = TopicNewsMultiImageCell.xib; sourceTree = "<group>"; };
		CC5E40EE1B9A88B4007EEE59 /* AudioViewController.h */ = {isa = PBXFileReference; fileEncoding = 4; lastKnownFileType = sourcecode.c.h; path = AudioViewController.h; sourceTree = "<group>"; };
		CC5E40EF1B9A88B4007EEE59 /* AudioViewController.m */ = {isa = PBXFileReference; fileEncoding = 4; lastKnownFileType = sourcecode.c.objc; path = AudioViewController.m; sourceTree = "<group>"; };
		CC5E40F11B9A97EB007EEE59 /* MediaNewsCell.h */ = {isa = PBXFileReference; fileEncoding = 4; lastKnownFileType = sourcecode.c.h; path = MediaNewsCell.h; sourceTree = "<group>"; };
		CC5E40F21B9A97EB007EEE59 /* MediaNewsCell.m */ = {isa = PBXFileReference; fileEncoding = 4; lastKnownFileType = sourcecode.c.objc; path = MediaNewsCell.m; sourceTree = "<group>"; };
		CC5E40F31B9A97EB007EEE59 /* MediaNewsCell.xib */ = {isa = PBXFileReference; fileEncoding = 4; lastKnownFileType = file.xib; path = MediaNewsCell.xib; sourceTree = "<group>"; };
		CC5E40F61B9A9AE6007EEE59 /* MediaNewsModel.h */ = {isa = PBXFileReference; fileEncoding = 4; lastKnownFileType = sourcecode.c.h; path = MediaNewsModel.h; sourceTree = "<group>"; };
		CC5E40F71B9A9AE6007EEE59 /* MediaNewsModel.m */ = {isa = PBXFileReference; fileEncoding = 4; lastKnownFileType = sourcecode.c.objc; path = MediaNewsModel.m; sourceTree = "<group>"; };
		CC878CD61B99F57500AFD462 /* NetEase.app */ = {isa = PBXFileReference; explicitFileType = wrapper.application; includeInIndex = 0; path = NetEase.app; sourceTree = BUILT_PRODUCTS_DIR; };
		CC878CDA1B99F57500AFD462 /* Info.plist */ = {isa = PBXFileReference; lastKnownFileType = text.plist.xml; path = Info.plist; sourceTree = "<group>"; };
		CC878CDB1B99F57500AFD462 /* main.m */ = {isa = PBXFileReference; lastKnownFileType = sourcecode.c.objc; path = main.m; sourceTree = "<group>"; };
		CC878CDD1B99F57500AFD462 /* AppDelegate.h */ = {isa = PBXFileReference; lastKnownFileType = sourcecode.c.h; path = AppDelegate.h; sourceTree = "<group>"; };
		CC878CDE1B99F57500AFD462 /* AppDelegate.m */ = {isa = PBXFileReference; lastKnownFileType = sourcecode.c.objc; path = AppDelegate.m; sourceTree = "<group>"; };
		CC878CE01B99F57500AFD462 /* ViewController.h */ = {isa = PBXFileReference; lastKnownFileType = sourcecode.c.h; path = ViewController.h; sourceTree = "<group>"; };
		CC878CE11B99F57500AFD462 /* ViewController.m */ = {isa = PBXFileReference; lastKnownFileType = sourcecode.c.objc; path = ViewController.m; sourceTree = "<group>"; };
		CC878CE41B99F57500AFD462 /* Base */ = {isa = PBXFileReference; lastKnownFileType = file.storyboard; name = Base; path = Base.lproj/Main.storyboard; sourceTree = "<group>"; };
		CC878CE61B99F57500AFD462 /* Images.xcassets */ = {isa = PBXFileReference; lastKnownFileType = folder.assetcatalog; path = Images.xcassets; sourceTree = "<group>"; };
		CC878CE91B99F57500AFD462 /* Base */ = {isa = PBXFileReference; lastKnownFileType = file.xib; name = Base; path = Base.lproj/LaunchScreen.xib; sourceTree = "<group>"; };
		CC878CEF1B99F57500AFD462 /* NetEaseTests.xctest */ = {isa = PBXFileReference; explicitFileType = wrapper.cfbundle; includeInIndex = 0; path = NetEaseTests.xctest; sourceTree = BUILT_PRODUCTS_DIR; };
		CC878CF41B99F57500AFD462 /* Info.plist */ = {isa = PBXFileReference; lastKnownFileType = text.plist.xml; path = Info.plist; sourceTree = "<group>"; };
		CC878CF51B99F57500AFD462 /* NetEaseTests.m */ = {isa = PBXFileReference; lastKnownFileType = sourcecode.c.objc; path = NetEaseTests.m; sourceTree = "<group>"; };
		CC9AB5101B9A9C9C00491CC3 /* MediaModel.h */ = {isa = PBXFileReference; fileEncoding = 4; lastKnownFileType = sourcecode.c.h; path = MediaModel.h; sourceTree = "<group>"; };
		CC9AB5111B9A9C9C00491CC3 /* MediaModel.m */ = {isa = PBXFileReference; fileEncoding = 4; lastKnownFileType = sourcecode.c.objc; path = MediaModel.m; sourceTree = "<group>"; };
		CC9AB5131B9A9D4500491CC3 /* MediaRadioModel.h */ = {isa = PBXFileReference; fileEncoding = 4; lastKnownFileType = sourcecode.c.h; path = MediaRadioModel.h; sourceTree = "<group>"; };
		CC9AB5141B9A9D4500491CC3 /* MediaRadioModel.m */ = {isa = PBXFileReference; fileEncoding = 4; lastKnownFileType = sourcecode.c.objc; path = MediaRadioModel.m; sourceTree = "<group>"; };
		CC9AB5181B9AADC600491CC3 /* RadioView.h */ = {isa = PBXFileReference; fileEncoding = 4; lastKnownFileType = sourcecode.c.h; path = RadioView.h; sourceTree = "<group>"; };
		CC9AB5191B9AADC600491CC3 /* RadioView.m */ = {isa = PBXFileReference; fileEncoding = 4; lastKnownFileType = sourcecode.c.objc; path = RadioView.m; sourceTree = "<group>"; };
		CC9AB51B1B9AADD300491CC3 /* RadioView.xib */ = {isa = PBXFileReference; fileEncoding = 4; lastKnownFileType = file.xib; path = RadioView.xib; sourceTree = "<group>"; };
		CCA1D2C31B99FBE200B1B7C7 /* Common.h */ = {isa = PBXFileReference; fileEncoding = 4; lastKnownFileType = sourcecode.c.h; path = Common.h; sourceTree = "<group>"; };
		CCA1D2C41B99FC0700B1B7C7 /* TopicViewController.h */ = {isa = PBXFileReference; fileEncoding = 4; lastKnownFileType = sourcecode.c.h; path = TopicViewController.h; sourceTree = "<group>"; };
		CCA1D2C51B99FC0700B1B7C7 /* TopicViewController.m */ = {isa = PBXFileReference; fileEncoding = 4; lastKnownFileType = sourcecode.c.objc; path = TopicViewController.m; sourceTree = "<group>"; };
		CCA1D2C71B9A01F900B1B7C7 /* TopicAdsModel.h */ = {isa = PBXFileReference; fileEncoding = 4; lastKnownFileType = sourcecode.c.h; path = TopicAdsModel.h; sourceTree = "<group>"; };
		CCA1D2C81B9A01F900B1B7C7 /* TopicAdsModel.m */ = {isa = PBXFileReference; fileEncoding = 4; lastKnownFileType = sourcecode.c.objc; path = TopicAdsModel.m; sourceTree = "<group>"; };
		CCA1D2CA1B9A032600B1B7C7 /* TopicNewsModel.h */ = {isa = PBXFileReference; fileEncoding = 4; lastKnownFileType = sourcecode.c.h; path = TopicNewsModel.h; sourceTree = "<group>"; };
		CCA1D2CB1B9A032600B1B7C7 /* TopicNewsModel.m */ = {isa = PBXFileReference; fileEncoding = 4; lastKnownFileType = sourcecode.c.objc; path = TopicNewsModel.m; sourceTree = "<group>"; };
		CCA1D2CD1B9A062200B1B7C7 /* AFNHelper.h */ = {isa = PBXFileReference; fileEncoding = 4; lastKnownFileType = sourcecode.c.h; path = AFNHelper.h; sourceTree = "<group>"; };
		CCA1D2CE1B9A062200B1B7C7 /* AFNHelper.m */ = {isa = PBXFileReference; fileEncoding = 4; lastKnownFileType = sourcecode.c.objc; path = AFNHelper.m; sourceTree = "<group>"; };
		CCA1D2D01B9A08CF00B1B7C7 /* TopicNewsCell.h */ = {isa = PBXFileReference; fileEncoding = 4; lastKnownFileType = sourcecode.c.h; path = TopicNewsCell.h; sourceTree = "<group>"; };
		CCA1D2D11B9A08CF00B1B7C7 /* TopicNewsCell.m */ = {isa = PBXFileReference; fileEncoding = 4; lastKnownFileType = sourcecode.c.objc; path = TopicNewsCell.m; sourceTree = "<group>"; };
		CCA1D2D21B9A08CF00B1B7C7 /* TopicNewsCell.xib */ = {isa = PBXFileReference; fileEncoding = 4; lastKnownFileType = file.xib; path = TopicNewsCell.xib; sourceTree = "<group>"; };
/* End PBXFileReference section */

/* Begin PBXFrameworksBuildPhase section */
		CC878CD31B99F57500AFD462 /* Frameworks */ = {
			isa = PBXFrameworksBuildPhase;
			buildActionMask = 2147483647;
			files = (
				D64E3E3F92F27494647F5916 /* libPods.a in Frameworks */,
			);
			runOnlyForDeploymentPostprocessing = 0;
		};
		CC878CEC1B99F57500AFD462 /* Frameworks */ = {
			isa = PBXFrameworksBuildPhase;
			buildActionMask = 2147483647;
			files = (
			);
			runOnlyForDeploymentPostprocessing = 0;
		};
/* End PBXFrameworksBuildPhase section */

/* Begin PBXGroup section */
		634220DD67510F81FD56E582 /* Frameworks */ = {
			isa = PBXGroup;
			children = (
				54DD1234D568AB88A4C5C261 /* libPods.a */,
			);
			name = Frameworks;
			sourceTree = "<group>";
		};
		AEEA7B436FBA3FE0E3456DE8 /* Pods */ = {
			isa = PBXGroup;
			children = (
				3E786495DCF85C1CB34123A3 /* Pods.debug.xcconfig */,
				3B2B563B98FB8BD193E25379 /* Pods.release.xcconfig */,
			);
			name = Pods;
			sourceTree = "<group>";
		};
		CC5E40E81B9A8837007EEE59 /* Controller */ = {
			isa = PBXGroup;
			children = (
			);
			name = Controller;
			sourceTree = "<group>";
		};
		CC5E40E91B9A883E007EEE59 /* Model */ = {
			isa = PBXGroup;
			children = (
			);
			name = Model;
			sourceTree = "<group>";
		};
		CC5E40EA1B9A8845007EEE59 /* View */ = {
			isa = PBXGroup;
			children = (
			);
			name = View;
			sourceTree = "<group>";
		};
		CC5E40EB1B9A8885007EEE59 /* Controller */ = {
			isa = PBXGroup;
			children = (
				CC5E40EE1B9A88B4007EEE59 /* AudioViewController.h */,
				CC5E40EF1B9A88B4007EEE59 /* AudioViewController.m */,
			);
			name = Controller;
			sourceTree = "<group>";
		};
		CC5E40EC1B9A888C007EEE59 /* View */ = {
			isa = PBXGroup;
			children = (
				CC5E40F11B9A97EB007EEE59 /* MediaNewsCell.h */,
				CC5E40F21B9A97EB007EEE59 /* MediaNewsCell.m */,
				CC5E40F31B9A97EB007EEE59 /* MediaNewsCell.xib */,
				CC9AB5181B9AADC600491CC3 /* RadioView.h */,
				CC9AB5191B9AADC600491CC3 /* RadioView.m */,
				CC9AB51B1B9AADD300491CC3 /* RadioView.xib */,
			);
			name = View;
			sourceTree = "<group>";
		};
		CC5E40ED1B9A8893007EEE59 /* Model */ = {
			isa = PBXGroup;
			children = (
				CC5E40F61B9A9AE6007EEE59 /* MediaNewsModel.h */,
				CC5E40F71B9A9AE6007EEE59 /* MediaNewsModel.m */,
				CC9AB5101B9A9C9C00491CC3 /* MediaModel.h */,
				CC9AB5111B9A9C9C00491CC3 /* MediaModel.m */,
				CC9AB5131B9A9D4500491CC3 /* MediaRadioModel.h */,
				CC9AB5141B9A9D4500491CC3 /* MediaRadioModel.m */,
			);
			name = Model;
			sourceTree = "<group>";
		};
		CC878CCD1B99F57500AFD462 = {
			isa = PBXGroup;
			children = (
				CC878CD81B99F57500AFD462 /* NetEase */,
				CC878CF21B99F57500AFD462 /* NetEaseTests */,
				CC878CD71B99F57500AFD462 /* Products */,
				AEEA7B436FBA3FE0E3456DE8 /* Pods */,
				634220DD67510F81FD56E582 /* Frameworks */,
			);
			sourceTree = "<group>";
		};
		CC878CD71B99F57500AFD462 /* Products */ = {
			isa = PBXGroup;
			children = (
				CC878CD61B99F57500AFD462 /* NetEase.app */,
				CC878CEF1B99F57500AFD462 /* NetEaseTests.xctest */,
			);
			name = Products;
			sourceTree = "<group>";
		};
		CC878CD81B99F57500AFD462 /* NetEase */ = {
			isa = PBXGroup;
			children = (
				CCA1D2BC1B99FAB200B1B7C7 /* LibHelper */,
				CCA1D2BB1B99FA4400B1B7C7 /* Res */,
				CCA1D2BA1B99FA2700B1B7C7 /* Main */,
				CCA1D2B91B99FA1C00B1B7C7 /* Me */,
				CCA1D2B81B99FA1300B1B7C7 /* Found */,
				CCA1D2B71B99F9EC00B1B7C7 /* Media */,
				CCA1D2B61B99F9DF00B1B7C7 /* Read */,
				CCA1D2B51B99F9D200B1B7C7 /* News */,
				CC878CD91B99F57500AFD462 /* Supporting Files */,
			);
			path = NetEase;
			sourceTree = "<group>";
		};
		CC878CD91B99F57500AFD462 /* Supporting Files */ = {
			isa = PBXGroup;
			children = (
				CC878CDA1B99F57500AFD462 /* Info.plist */,
				CC878CDB1B99F57500AFD462 /* main.m */,
			);
			name = "Supporting Files";
			sourceTree = "<group>";
		};
		CC878CF21B99F57500AFD462 /* NetEaseTests */ = {
			isa = PBXGroup;
			children = (
				CC878CF51B99F57500AFD462 /* NetEaseTests.m */,
				CC878CF31B99F57500AFD462 /* Supporting Files */,
			);
			path = NetEaseTests;
			sourceTree = "<group>";
		};
		CC878CF31B99F57500AFD462 /* Supporting Files */ = {
			isa = PBXGroup;
			children = (
				CC878CF41B99F57500AFD462 /* Info.plist */,
			);
			name = "Supporting Files";
			sourceTree = "<group>";
		};
		CCA1D2B51B99F9D200B1B7C7 /* News */ = {
			isa = PBXGroup;
			children = (
				CCA1D2C11B99FB8D00B1B7C7 /* Model */,
				CCA1D2C01B99FB8600B1B7C7 /* View */,
				CCA1D2BE1B99FB6400B1B7C7 /* Controller */,
			);
			name = News;
			sourceTree = "<group>";
		};
		CCA1D2B61B99F9DF00B1B7C7 /* Read */ = {
			isa = PBXGroup;
			children = (
				CC5E40EA1B9A8845007EEE59 /* View */,
				CC5E40E91B9A883E007EEE59 /* Model */,
				CC5E40E81B9A8837007EEE59 /* Controller */,
			);
			name = Read;
			sourceTree = "<group>";
		};
		CCA1D2B71B99F9EC00B1B7C7 /* Media */ = {
			isa = PBXGroup;
			children = (
				CC5E40ED1B9A8893007EEE59 /* Model */,
				CC5E40EC1B9A888C007EEE59 /* View */,
				CC5E40EB1B9A8885007EEE59 /* Controller */,
			);
			name = Media;
			sourceTree = "<group>";
		};
		CCA1D2B81B99FA1300B1B7C7 /* Found */ = {
			isa = PBXGroup;
			children = (
			);
			name = Found;
			sourceTree = "<group>";
		};
		CCA1D2B91B99FA1C00B1B7C7 /* Me */ = {
			isa = PBXGroup;
			children = (
			);
			name = Me;
			sourceTree = "<group>";
		};
		CCA1D2BA1B99FA2700B1B7C7 /* Main */ = {
			isa = PBXGroup;
			children = (
				CC878CDD1B99F57500AFD462 /* AppDelegate.h */,
				CC878CDE1B99F57500AFD462 /* AppDelegate.m */,
				CC878CE01B99F57500AFD462 /* ViewController.h */,
				CC878CE11B99F57500AFD462 /* ViewController.m */,
				CC878CE31B99F57500AFD462 /* Main.storyboard */,
			);
			name = Main;
			sourceTree = "<group>";
		};
		CCA1D2BB1B99FA4400B1B7C7 /* Res */ = {
			isa = PBXGroup;
			children = (
				CC878CE61B99F57500AFD462 /* Images.xcassets */,
				CC878CE81B99F57500AFD462 /* LaunchScreen.xib */,
			);
			name = Res;
			sourceTree = "<group>";
		};
		CCA1D2BC1B99FAB200B1B7C7 /* LibHelper */ = {
			isa = PBXGroup;
			children = (
				CCA1D2C31B99FBE200B1B7C7 /* Common.h */,
				CCA1D2CD1B9A062200B1B7C7 /* AFNHelper.h */,
				CCA1D2CE1B9A062200B1B7C7 /* AFNHelper.m */,
			);
			name = LibHelper;
			sourceTree = "<group>";
		};
		CCA1D2BE1B99FB6400B1B7C7 /* Controller */ = {
			isa = PBXGroup;
			children = (
				CCA1D2C41B99FC0700B1B7C7 /* TopicViewController.h */,
				CCA1D2C51B99FC0700B1B7C7 /* TopicViewController.m */,
			);
			name = Controller;
			sourceTree = "<group>";
		};
		CCA1D2C01B99FB8600B1B7C7 /* View */ = {
			isa = PBXGroup;
			children = (
				CCA1D2D01B9A08CF00B1B7C7 /* TopicNewsCell.h */,
				CCA1D2D11B9A08CF00B1B7C7 /* TopicNewsCell.m */,
				CCA1D2D21B9A08CF00B1B7C7 /* TopicNewsCell.xib */,
				CC5E40E31B9A766C007EEE59 /* TopicNewsMultiImageCell.h */,
				CC5E40E41B9A766C007EEE59 /* TopicNewsMultiImageCell.m */,
				CC5E40E51B9A766C007EEE59 /* TopicNewsMultiImageCell.xib */,
			);
			name = View;
			sourceTree = "<group>";
		};
		CCA1D2C11B99FB8D00B1B7C7 /* Model */ = {
			isa = PBXGroup;
			children = (
				CCA1D2C71B9A01F900B1B7C7 /* TopicAdsModel.h */,
				CCA1D2C81B9A01F900B1B7C7 /* TopicAdsModel.m */,
				CCA1D2CA1B9A032600B1B7C7 /* TopicNewsModel.h */,
				CCA1D2CB1B9A032600B1B7C7 /* TopicNewsModel.m */,
			);
			name = Model;
			sourceTree = "<group>";
		};
/* End PBXGroup section */

/* Begin PBXNativeTarget section */
		CC878CD51B99F57500AFD462 /* NetEase */ = {
			isa = PBXNativeTarget;
			buildConfigurationList = CC878CF91B99F57500AFD462 /* Build configuration list for PBXNativeTarget "NetEase" */;
			buildPhases = (
				9192575F1D13316CD7D9D90C /* Check Pods Manifest.lock */,
				CC878CD21B99F57500AFD462 /* Sources */,
				CC878CD31B99F57500AFD462 /* Frameworks */,
				CC878CD41B99F57500AFD462 /* Resources */,
				E52260974CC4B635AC8197CF /* Copy Pods Resources */,
			);
			buildRules = (
			);
			dependencies = (
			);
			name = NetEase;
			productName = NetEase;
			productReference = CC878CD61B99F57500AFD462 /* NetEase.app */;
			productType = "com.apple.product-type.application";
		};
		CC878CEE1B99F57500AFD462 /* NetEaseTests */ = {
			isa = PBXNativeTarget;
			buildConfigurationList = CC878CFC1B99F57500AFD462 /* Build configuration list for PBXNativeTarget "NetEaseTests" */;
			buildPhases = (
				CC878CEB1B99F57500AFD462 /* Sources */,
				CC878CEC1B99F57500AFD462 /* Frameworks */,
				CC878CED1B99F57500AFD462 /* Resources */,
			);
			buildRules = (
			);
			dependencies = (
				CC878CF11B99F57500AFD462 /* PBXTargetDependency */,
			);
			name = NetEaseTests;
			productName = NetEaseTests;
			productReference = CC878CEF1B99F57500AFD462 /* NetEaseTests.xctest */;
			productType = "com.apple.product-type.bundle.unit-test";
		};
/* End PBXNativeTarget section */

/* Begin PBXProject section */
		CC878CCE1B99F57500AFD462 /* Project object */ = {
			isa = PBXProject;
			attributes = {
				LastUpgradeCheck = 0640;
				ORGANIZATIONNAME = ihj;
				TargetAttributes = {
					CC878CD51B99F57500AFD462 = {
						CreatedOnToolsVersion = 6.4;
					};
					CC878CEE1B99F57500AFD462 = {
						CreatedOnToolsVersion = 6.4;
						TestTargetID = CC878CD51B99F57500AFD462;
					};
				};
			};
			buildConfigurationList = CC878CD11B99F57500AFD462 /* Build configuration list for PBXProject "NetEase" */;
			compatibilityVersion = "Xcode 3.2";
			developmentRegion = English;
			hasScannedForEncodings = 0;
			knownRegions = (
				en,
				Base,
			);
			mainGroup = CC878CCD1B99F57500AFD462;
			productRefGroup = CC878CD71B99F57500AFD462 /* Products */;
			projectDirPath = "";
			projectRoot = "";
			targets = (
				CC878CD51B99F57500AFD462 /* NetEase */,
				CC878CEE1B99F57500AFD462 /* NetEaseTests */,
			);
		};
/* End PBXProject section */

/* Begin PBXResourcesBuildPhase section */
		CC878CD41B99F57500AFD462 /* Resources */ = {
			isa = PBXResourcesBuildPhase;
			buildActionMask = 2147483647;
			files = (
				CC878CE51B99F57500AFD462 /* Main.storyboard in Resources */,
				CC878CEA1B99F57500AFD462 /* LaunchScreen.xib in Resources */,
				CCA1D2D41B9A08CF00B1B7C7 /* TopicNewsCell.xib in Resources */,
				CC878CE71B99F57500AFD462 /* Images.xcassets in Resources */,
				CC5E40E71B9A766C007EEE59 /* TopicNewsMultiImageCell.xib in Resources */,
				CC5E40F51B9A97EB007EEE59 /* MediaNewsCell.xib in Resources */,
				CC9AB51C1B9AADD300491CC3 /* RadioView.xib in Resources */,
			);
			runOnlyForDeploymentPostprocessing = 0;
		};
		CC878CED1B99F57500AFD462 /* Resources */ = {
			isa = PBXResourcesBuildPhase;
			buildActionMask = 2147483647;
			files = (
			);
			runOnlyForDeploymentPostprocessing = 0;
		};
/* End PBXResourcesBuildPhase section */

/* Begin PBXShellScriptBuildPhase section */
		9192575F1D13316CD7D9D90C /* Check Pods Manifest.lock */ = {
			isa = PBXShellScriptBuildPhase;
			buildActionMask = 2147483647;
			files = (
			);
			inputPaths = (
			);
			name = "Check Pods Manifest.lock";
			outputPaths = (
			);
			runOnlyForDeploymentPostprocessing = 0;
			shellPath = /bin/sh;
			shellScript = "diff \"${PODS_ROOT}/../Podfile.lock\" \"${PODS_ROOT}/Manifest.lock\" > /dev/null\nif [[ $? != 0 ]] ; then\n    cat << EOM\nerror: The sandbox is not in sync with the Podfile.lock. Run 'pod install' or update your CocoaPods installation.\nEOM\n    exit 1\nfi\n";
			showEnvVarsInLog = 0;
		};
		E52260974CC4B635AC8197CF /* Copy Pods Resources */ = {
			isa = PBXShellScriptBuildPhase;
			buildActionMask = 2147483647;
			files = (
			);
			inputPaths = (
			);
			name = "Copy Pods Resources";
			outputPaths = (
			);
			runOnlyForDeploymentPostprocessing = 0;
			shellPath = /bin/sh;
			shellScript = "\"${SRCROOT}/Pods/Target Support Files/Pods/Pods-resources.sh\"\n";
			showEnvVarsInLog = 0;
		};
/* End PBXShellScriptBuildPhase section */

/* Begin PBXSourcesBuildPhase section */
		CC878CD21B99F57500AFD462 /* Sources */ = {
			isa = PBXSourcesBuildPhase;
			buildActionMask = 2147483647;
			files = (
				CCA1D2C91B9A01F900B1B7C7 /* TopicAdsModel.m in Sources */,
				CC9AB5121B9A9C9C00491CC3 /* MediaModel.m in Sources */,
				CC9AB51A1B9AADC600491CC3 /* RadioView.m in Sources */,
				CC878CE21B99F57500AFD462 /* ViewController.m in Sources */,
				CCA1D2CC1B9A032600B1B7C7 /* TopicNewsModel.m in Sources */,
				CC5E40E61B9A766C007EEE59 /* TopicNewsMultiImageCell.m in Sources */,
				CCA1D2CF1B9A062200B1B7C7 /* AFNHelper.m in Sources */,
				CC9AB5151B9A9D4500491CC3 /* MediaRadioModel.m in Sources */,
				CC5E40F81B9A9AE6007EEE59 /* MediaNewsModel.m in Sources */,
				CC5E40F01B9A88B4007EEE59 /* AudioViewController.m in Sources */,
				CC878CDF1B99F57500AFD462 /* AppDelegate.m in Sources */,
				CCA1D2C61B99FC0700B1B7C7 /* TopicViewController.m in Sources */,
				CCA1D2D31B9A08CF00B1B7C7 /* TopicNewsCell.m in Sources */,
				CC878CDC1B99F57500AFD462 /* main.m in Sources */,
				CC5E40F41B9A97EB007EEE59 /* MediaNewsCell.m in Sources */,
			);
			runOnlyForDeploymentPostprocessing = 0;
		};
		CC878CEB1B99F57500AFD462 /* Sources */ = {
			isa = PBXSourcesBuildPhase;
			buildActionMask = 2147483647;
			files = (
				CC878CF61B99F57500AFD462 /* NetEaseTests.m in Sources */,
			);
			runOnlyForDeploymentPostprocessing = 0;
		};
/* End PBXSourcesBuildPhase section */

/* Begin PBXTargetDependency section */
		CC878CF11B99F57500AFD462 /* PBXTargetDependency */ = {
			isa = PBXTargetDependency;
			target = CC878CD51B99F57500AFD462 /* NetEase */;
			targetProxy = CC878CF01B99F57500AFD462 /* PBXContainerItemProxy */;
		};
/* End PBXTargetDependency section */

/* Begin PBXVariantGroup section */
		CC878CE31B99F57500AFD462 /* Main.storyboard */ = {
			isa = PBXVariantGroup;
			children = (
				CC878CE41B99F57500AFD462 /* Base */,
			);
			name = Main.storyboard;
			sourceTree = "<group>";
		};
		CC878CE81B99F57500AFD462 /* LaunchScreen.xib */ = {
			isa = PBXVariantGroup;
			children = (
				CC878CE91B99F57500AFD462 /* Base */,
			);
			name = LaunchScreen.xib;
			sourceTree = "<group>";
		};
/* End PBXVariantGroup section */

/* Begin XCBuildConfiguration section */
		CC878CF71B99F57500AFD462 /* Debug */ = {
			isa = XCBuildConfiguration;
			buildSettings = {
				ALWAYS_SEARCH_USER_PATHS = NO;
				CLANG_CXX_LANGUAGE_STANDARD = "gnu++0x";
				CLANG_CXX_LIBRARY = "libc++";
				CLANG_ENABLE_MODULES = YES;
				CLANG_ENABLE_OBJC_ARC = YES;
				CLANG_WARN_BOOL_CONVERSION = YES;
				CLANG_WARN_CONSTANT_CONVERSION = YES;
				CLANG_WARN_DIRECT_OBJC_ISA_USAGE = YES_ERROR;
				CLANG_WARN_EMPTY_BODY = YES;
				CLANG_WARN_ENUM_CONVERSION = YES;
				CLANG_WARN_INT_CONVERSION = YES;
				CLANG_WARN_OBJC_ROOT_CLASS = YES_ERROR;
				CLANG_WARN_UNREACHABLE_CODE = YES;
				CLANG_WARN__DUPLICATE_METHOD_MATCH = YES;
				"CODE_SIGN_IDENTITY[sdk=iphoneos*]" = "iPhone Developer";
				COPY_PHASE_STRIP = NO;
				DEBUG_INFORMATION_FORMAT = "dwarf-with-dsym";
				ENABLE_STRICT_OBJC_MSGSEND = YES;
				GCC_C_LANGUAGE_STANDARD = gnu99;
				GCC_DYNAMIC_NO_PIC = NO;
				GCC_NO_COMMON_BLOCKS = YES;
				GCC_OPTIMIZATION_LEVEL = 0;
				GCC_PREPROCESSOR_DEFINITIONS = (
					"DEBUG=1",
					"$(inherited)",
				);
				GCC_SYMBOLS_PRIVATE_EXTERN = NO;
				GCC_WARN_64_TO_32_BIT_CONVERSION = YES;
				GCC_WARN_ABOUT_RETURN_TYPE = YES_ERROR;
				GCC_WARN_UNDECLARED_SELECTOR = YES;
				GCC_WARN_UNINITIALIZED_AUTOS = YES_AGGRESSIVE;
				GCC_WARN_UNUSED_FUNCTION = YES;
				GCC_WARN_UNUSED_VARIABLE = YES;
				IPHONEOS_DEPLOYMENT_TARGET = 8.4;
				MTL_ENABLE_DEBUG_INFO = YES;
				ONLY_ACTIVE_ARCH = YES;
				SDKROOT = iphoneos;
			};
			name = Debug;
		};
		CC878CF81B99F57500AFD462 /* Release */ = {
			isa = XCBuildConfiguration;
			buildSettings = {
				ALWAYS_SEARCH_USER_PATHS = NO;
				CLANG_CXX_LANGUAGE_STANDARD = "gnu++0x";
				CLANG_CXX_LIBRARY = "libc++";
				CLANG_ENABLE_MODULES = YES;
				CLANG_ENABLE_OBJC_ARC = YES;
				CLANG_WARN_BOOL_CONVERSION = YES;
				CLANG_WARN_CONSTANT_CONVERSION = YES;
				CLANG_WARN_DIRECT_OBJC_ISA_USAGE = YES_ERROR;
				CLANG_WARN_EMPTY_BODY = YES;
				CLANG_WARN_ENUM_CONVERSION = YES;
				CLANG_WARN_INT_CONVERSION = YES;
				CLANG_WARN_OBJC_ROOT_CLASS = YES_ERROR;
				CLANG_WARN_UNREACHABLE_CODE = YES;
				CLANG_WARN__DUPLICATE_METHOD_MATCH = YES;
				"CODE_SIGN_IDENTITY[sdk=iphoneos*]" = "iPhone Developer";
				COPY_PHASE_STRIP = NO;
				DEBUG_INFORMATION_FORMAT = "dwarf-with-dsym";
				ENABLE_NS_ASSERTIONS = NO;
				ENABLE_STRICT_OBJC_MSGSEND = YES;
				GCC_C_LANGUAGE_STANDARD = gnu99;
				GCC_NO_COMMON_BLOCKS = YES;
				GCC_WARN_64_TO_32_BIT_CONVERSION = YES;
				GCC_WARN_ABOUT_RETURN_TYPE = YES_ERROR;
				GCC_WARN_UNDECLARED_SELECTOR = YES;
				GCC_WARN_UNINITIALIZED_AUTOS = YES_AGGRESSIVE;
				GCC_WARN_UNUSED_FUNCTION = YES;
				GCC_WARN_UNUSED_VARIABLE = YES;
				IPHONEOS_DEPLOYMENT_TARGET = 8.4;
				MTL_ENABLE_DEBUG_INFO = NO;
				SDKROOT = iphoneos;
				VALIDATE_PRODUCT = YES;
			};
			name = Release;
		};
		CC878CFA1B99F57500AFD462 /* Debug */ = {
			isa = XCBuildConfiguration;
			baseConfigurationReference = 3E786495DCF85C1CB34123A3 /* Pods.debug.xcconfig */;
			buildSettings = {
				ASSETCATALOG_COMPILER_APPICON_NAME = AppIcon;
				INFOPLIST_FILE = NetEase/Info.plist;
				IPHONEOS_DEPLOYMENT_TARGET = 8.0;
				LD_RUNPATH_SEARCH_PATHS = "$(inherited) @executable_path/Frameworks";
				PRODUCT_NAME = "$(TARGET_NAME)";
			};
			name = Debug;
		};
		CC878CFB1B99F57500AFD462 /* Release */ = {
			isa = XCBuildConfiguration;
			baseConfigurationReference = 3B2B563B98FB8BD193E25379 /* Pods.release.xcconfig */;
			buildSettings = {
				ASSETCATALOG_COMPILER_APPICON_NAME = AppIcon;
				INFOPLIST_FILE = NetEase/Info.plist;
				IPHONEOS_DEPLOYMENT_TARGET = 8.0;
				LD_RUNPATH_SEARCH_PATHS = "$(inherited) @executable_path/Frameworks";
				PRODUCT_NAME = "$(TARGET_NAME)";
			};
			name = Release;
		};
		CC878CFD1B99F57500AFD462 /* Debug */ = {
			isa = XCBuildConfiguration;
			buildSettings = {
				BUNDLE_LOADER = "$(TEST_HOST)";
				FRAMEWORK_SEARCH_PATHS = (
					"$(SDKROOT)/Developer/Library/Frameworks",
					"$(inherited)",
				);
				GCC_PREPROCESSOR_DEFINITIONS = (
					"DEBUG=1",
					"$(inherited)",
				);
				INFOPLIST_FILE = NetEaseTests/Info.plist;
				LD_RUNPATH_SEARCH_PATHS = "$(inherited) @executable_path/Frameworks @loader_path/Frameworks";
				PRODUCT_NAME = "$(TARGET_NAME)";
				TEST_HOST = "$(BUILT_PRODUCTS_DIR)/NetEase.app/NetEase";
			};
			name = Debug;
		};
		CC878CFE1B99F57500AFD462 /* Release */ = {
			isa = XCBuildConfiguration;
			buildSettings = {
				BUNDLE_LOADER = "$(TEST_HOST)";
				FRAMEWORK_SEARCH_PATHS = (
					"$(SDKROOT)/Developer/Library/Frameworks",
					"$(inherited)",
				);
				INFOPLIST_FILE = NetEaseTests/Info.plist;
				LD_RUNPATH_SEARCH_PATHS = "$(inherited) @executable_path/Frameworks @loader_path/Frameworks";
				PRODUCT_NAME = "$(TARGET_NAME)";
				TEST_HOST = "$(BUILT_PRODUCTS_DIR)/NetEase.app/NetEase";
			};
			name = Release;
		};
/* End XCBuildConfiguration section */

/* Begin XCConfigurationList section */
		CC878CD11B99F57500AFD462 /* Build configuration list for PBXProject "NetEase" */ = {
			isa = XCConfigurationList;
			buildConfigurations = (
				CC878CF71B99F57500AFD462 /* Debug */,
				CC878CF81B99F57500AFD462 /* Release */,
			);
			defaultConfigurationIsVisible = 0;
			defaultConfigurationName = Release;
		};
		CC878CF91B99F57500AFD462 /* Build configuration list for PBXNativeTarget "NetEase" */ = {
			isa = XCConfigurationList;
			buildConfigurations = (
				CC878CFA1B99F57500AFD462 /* Debug */,
				CC878CFB1B99F57500AFD462 /* Release */,
			);
			defaultConfigurationIsVisible = 0;
			defaultConfigurationName = Release;
		};
		CC878CFC1B99F57500AFD462 /* Build configuration list for PBXNativeTarget "NetEaseTests" */ = {
			isa = XCConfigurationList;
			buildConfigurations = (
				CC878CFD1B99F57500AFD462 /* Debug */,
				CC878CFE1B99F57500AFD462 /* Release */,
			);
			defaultConfigurationIsVisible = 0;
			defaultConfigurationName = Release;
		};
/* End XCConfigurationList section */
	};
	rootObject = CC878CCE1B99F57500AFD462 /* Project object */;
}
